
Microsoft Visual Studio Solution File, Format Version 12.00
# Visual Studio Version 17
VisualStudioVersion = 17.8.34601.278
MinimumVisualStudioVersion = 10.0.40219.1
Project("{9A19103F-16F7-4668-BE54-9A1E7A4F7556}") = "Suhyphen.OOD", "Suhyphen.OOD\Suhyphen.OOD.csproj", "{A147BE89-F965-43A0-A69F-5ABFE223555C}"
EndProject
Global
	GlobalSection(SolutionConfigurationPlatforms) = preSolution
		Debug|Any CPU = Debug|Any CPU
		Release|Any CPU = Release|Any CPU
	EndGlobalSection
	GlobalSection(ProjectConfigurationPlatforms) = postSolution
		{A147BE89-F965-43A0-A69F-5ABFE223555C}.Debug|Any CPU.ActiveCfg = Debug|Any CPU
		{A147BE89-F965-43A0-A69F-5ABFE223555C}.Debug|Any CPU.Build.0 = Debug|Any CPU
		{A147BE89-F965-43A0-A69F-5ABFE223555C}.Release|Any CPU.ActiveCfg = Release|Any CPU
		{A147BE89-F965-43A0-A69F-5ABFE223555C}.Release|Any CPU.Build.0 = Release|Any CPU
	EndGlobalSection
	GlobalSection(SolutionProperties) = preSolution
		HideSolutionNode = FALSE
	EndGlobalSection
	GlobalSection(ExtensibilityGlobals) = postSolution
		SolutionGuid = {4C1DD39E-78EF-410C-9329-B964E37C97F7}
	EndGlobalSection
EndGlobal
